<?xml version="1.0" encoding="utf-8"?>
<Project ToolsVersion="4.0" xmlns="http://schemas.microsoft.com/developer/msbuild/2003">
  <ItemGroup>
    <Filter Include="Source Files">
      <UniqueIdentifier>{4FC737F1-C7A5-4376-A066-2A32D752A2FF}</UniqueIdentifier>
      <Extensions>cpp;c;cc;cxx;def;odl;idl;hpj;bat;asm;asmx</Extensions>
    </Filter>
    <Filter Include="Header Files">
      <UniqueIdentifier>{93995380-89BD-4b04-88EB-625FBE52EBFB}</UniqueIdentifier>
      <Extensions>h;hh;hpp;hxx;hm;inl;inc;xsd</Extensions>
    </Filter>
    <Filter Include="Resource Files">
      <UniqueIdentifier>{67DA6AB6-F800-4c08-8B7A-83BB121AAD01}</UniqueIdentifier>
      <Extensions>rc;ico;cur;bmp;dlg;rc2;rct;bin;rgs;gif;jpg;jpeg;jpe;resx;tiff;tif;png;wav;mfcribbon-ms</Extensions>
    </Filter>
    <Filter Include="Source Files\Accepted">
      <UniqueIdentifier>{4c40076b-2049-4f8c-9e86-ad8c7cc08fd2}</UniqueIdentifier>
    </Filter>
    <Filter Include="Source Files\Solving">
      <UniqueIdentifier>{7e9597a0-f194-49be-88dd-b4f8eec42624}</UniqueIdentifier>
    </Filter>
  </ItemGroup>
  <ItemGroup>
    <Text Include="input.txt">
      <Filter>Resource Files</Filter>
    </Text>
    <Text Include="output.txt">
      <Filter>Resource Files</Filter>
    </Text>
    <Text Include="correct.txt">
      <Filter>Resource Files</Filter>
    </Text>
  </ItemGroup>
  <ItemGroup>
    <ClCompile Include="11172.cpp">
      <Filter>Source Files\Accepted</Filter>
    </ClCompile>
    <ClCompile Include="11498.cpp">
      <Filter>Source Files\Accepted</Filter>
    </ClCompile>
    <ClCompile Include="11727.cpp">
      <Filter>Source Files\Accepted</Filter>
    </ClCompile>
    <ClCompile Include="10114.cpp">
      <Filter>Source Files\Accepted</Filter>
    </ClCompile>
    <ClCompile Include="11559.cpp">
      <Filter>Source Files\Accepted</Filter>
    </ClCompile>
    <ClCompile Include="11799.cpp">
      <Filter>Source Files\Accepted</Filter>
    </ClCompile>
    <ClCompile Include="00573.cpp">
      <Filter>Source Files\Accepted</Filter>
    </ClCompile>
    <ClCompile Include="10141.cpp">
      <Filter>Source Files\Accepted</Filter>
    </ClCompile>
    <ClCompile Include="11507.cpp">
      <Filter>Source Files\Accepted</Filter>
    </ClCompile>
    <ClCompile Include="00462.cpp">
      <Filter>Source Files\Accepted</Filter>
    </ClCompile>
    <ClCompile Include="10646.cpp">
      <Filter>Source Files\Accepted</Filter>
    </ClCompile>
    <ClCompile Include="12247.cpp">
      <Filter>Source Files\Accepted</Filter>
    </ClCompile>
    <ClCompile Include="00278.cpp">
      <Filter>Source Files\Accepted</Filter>
    </ClCompile>
    <ClCompile Include="00696.cpp">
      <Filter>Source Files\Accepted</Filter>
    </ClCompile>
    <ClCompile Include="10284.cpp">
      <Filter>Source Files\Accepted</Filter>
    </ClCompile>
    <ClCompile Include="00489.cpp">
      <Filter>Source Files\Accepted</Filter>
    </ClCompile>
    <ClCompile Include="10189.cpp">
      <Filter>Source Files\Accepted</Filter>
    </ClCompile>
    <ClCompile Include="11459.cpp">
      <Filter>Source Files\Accepted</Filter>
    </ClCompile>
    <ClCompile Include="00584.cpp">
      <Filter>Source Files\Accepted</Filter>
    </ClCompile>
    <ClCompile Include="10443.cpp">
      <Filter>Source Files\Accepted</Filter>
    </ClCompile>
    <ClCompile Include="10813.cpp">
      <Filter>Source Files\Accepted</Filter>
    </ClCompile>
    <ClCompile Include="00401.cpp">
      <Filter>Source Files\Accepted</Filter>
    </ClCompile>
    <ClCompile Include="10945.cpp">
      <Filter>Source Files\Accepted</Filter>
    </ClCompile>
    <ClCompile Include="11221.cpp">
      <Filter>Source Files\Accepted</Filter>
    </ClCompile>
    <ClCompile Include="00156.cpp">
      <Filter>Source Files\Accepted</Filter>
    </ClCompile>
    <ClCompile Include="00195.cpp">
      <Filter>Source Files\Accepted</Filter>
    </ClCompile>
    <ClCompile Include="00454.cpp">
      <Filter>Source Files\Accepted</Filter>
    </ClCompile>
    <ClCompile Include="00161.cpp">
      <Filter>Source Files\Accepted</Filter>
    </ClCompile>
    <ClCompile Include="00637.cpp">
      <Filter>Source Files\Accepted</Filter>
    </ClCompile>
    <ClCompile Include="00403.cpp">
      <Filter>Source Files\Accepted</Filter>
    </ClCompile>
    <ClCompile Include="10812.cpp">
      <Filter>Source Files\Accepted</Filter>
    </ClCompile>
    <ClCompile Include="00608.cpp">
      <Filter>Source Files\Accepted</Filter>
    </ClCompile>
    <ClCompile Include="01061.cpp">
      <Filter>Source Files\Solving</Filter>
    </ClCompile>
  </ItemGroup>
</Project>